
Microsoft Visual Studio Solution File, Format Version 12.00
# Visual Studio Version 16
VisualStudioVersion = 16.0.30114.105
MinimumVisualStudioVersion = 10.0.40219.1
Project("{FAE04EC0-301F-11D3-BF4B-00C04F79EFBC}") = "HeightSensor", "HeightSensor.csproj", "{492D14B5-C619-4AE8-87FD-D2F0E3395CA0}"
EndProject
Project("{FAE04EC0-301F-11D3-BF4B-00C04F79EFBC}") = "ControlProgram", "ControlProgram\ControlProgram.csproj", "{03A467DC-1911-4E06-AC36-6F11B7278953}"
EndProject
Project("{FAE04EC0-301F-11D3-BF4B-00C04F79EFBC}") = "StorageDataReadingProgram", "StorageDataReadingClient\StorageDataReadingProgram.csproj", "{379AC391-AD60-4D1C-A87A-AF13488B24D6}"
EndProject
Project("{FAE04EC0-301F-11D3-BF4B-00C04F79EFBC}") = "DataTransmissionProgram", "DataTransmissionProgram\DataTransmissionProgram.csproj", "{D49700D7-2DA3-4EE4-B67A-C97809ACF142}"
EndProject
Project("{FAE04EC0-301F-11D3-BF4B-00C04F79EFBC}") = "UDPTest", "..\UDPTest\UDPTest.csproj", "{75FE06A9-C5C4-4A95-8AA2-F344632BF21E}"
EndProject
Global
	GlobalSection(SolutionConfigurationPlatforms) = preSolution
		Debug|Any CPU = Debug|Any CPU
		Release|Any CPU = Release|Any CPU
	EndGlobalSection
	GlobalSection(ProjectConfigurationPlatforms) = postSolution
		{492D14B5-C619-4AE8-87FD-D2F0E3395CA0}.Debug|Any CPU.ActiveCfg = Debug|Any CPU
		{492D14B5-C619-4AE8-87FD-D2F0E3395CA0}.Debug|Any CPU.Build.0 = Debug|Any CPU
		{492D14B5-C619-4AE8-87FD-D2F0E3395CA0}.Release|Any CPU.ActiveCfg = Release|Any CPU
		{492D14B5-C619-4AE8-87FD-D2F0E3395CA0}.Release|Any CPU.Build.0 = Release|Any CPU
		{03A467DC-1911-4E06-AC36-6F11B7278953}.Debug|Any CPU.ActiveCfg = Debug|Any CPU
		{03A467DC-1911-4E06-AC36-6F11B7278953}.Debug|Any CPU.Build.0 = Debug|Any CPU
		{03A467DC-1911-4E06-AC36-6F11B7278953}.Release|Any CPU.ActiveCfg = Release|Any CPU
		{03A467DC-1911-4E06-AC36-6F11B7278953}.Release|Any CPU.Build.0 = Release|Any CPU
		{379AC391-AD60-4D1C-A87A-AF13488B24D6}.Debug|Any CPU.ActiveCfg = Debug|Any CPU
		{379AC391-AD60-4D1C-A87A-AF13488B24D6}.Debug|Any CPU.Build.0 = Debug|Any CPU
		{379AC391-AD60-4D1C-A87A-AF13488B24D6}.Release|Any CPU.ActiveCfg = Release|Any CPU
		{379AC391-AD60-4D1C-A87A-AF13488B24D6}.Release|Any CPU.Build.0 = Release|Any CPU
		{D49700D7-2DA3-4EE4-B67A-C97809ACF142}.Debug|Any CPU.ActiveCfg = Debug|Any CPU
		{D49700D7-2DA3-4EE4-B67A-C97809ACF142}.Debug|Any CPU.Build.0 = Debug|Any CPU
		{D49700D7-2DA3-4EE4-B67A-C97809ACF142}.Release|Any CPU.ActiveCfg = Release|Any CPU
		{D49700D7-2DA3-4EE4-B67A-C97809ACF142}.Release|Any CPU.Build.0 = Release|Any CPU
		{75FE06A9-C5C4-4A95-8AA2-F344632BF21E}.Debug|Any CPU.ActiveCfg = Debug|Any CPU
		{75FE06A9-C5C4-4A95-8AA2-F344632BF21E}.Debug|Any CPU.Build.0 = Debug|Any CPU
		{75FE06A9-C5C4-4A95-8AA2-F344632BF21E}.Release|Any CPU.ActiveCfg = Release|Any CPU
		{75FE06A9-C5C4-4A95-8AA2-F344632BF21E}.Release|Any CPU.Build.0 = Release|Any CPU
	EndGlobalSection
	GlobalSection(SolutionProperties) = preSolution
		HideSolutionNode = FALSE
	EndGlobalSection
	GlobalSection(ExtensibilityGlobals) = postSolution
		SolutionGuid = {BC9EE78F-78AC-42C9-973C-BCE9DC1C3DFD}
	EndGlobalSection
EndGlobal
